// !$*UTF8*$!
{
	archiveVersion = 1;
	classes = {
	};
	objectVersion = 56;
	objects = {

/* Begin PBXBuildFile section */
		290B369D29D53ACC0004C799 /* TextFieldViewModifier.swift in Sources */ = {isa = PBXBuildFile; fileRef = 290B369C29D53ACC0004C799 /* TextFieldViewModifier.swift */; };
		290B369F29D53B330004C799 /* SecureFieldViewModifier.swift in Sources */ = {isa = PBXBuildFile; fileRef = 290B369E29D53B330004C799 /* SecureFieldViewModifier.swift */; };
		291C954829D3B23A00F1CC8C /* NoteListViewModelTests.swift in Sources */ = {isa = PBXBuildFile; fileRef = 291C954729D3B23A00F1CC8C /* NoteListViewModelTests.swift */; };
		291C954A29D3B2B800F1CC8C /* AddNoteViewModelTests.swift in Sources */ = {isa = PBXBuildFile; fileRef = 291C954929D3B2B800F1CC8C /* AddNoteViewModelTests.swift */; };
		291C954E29D3B2E900F1CC8C /* UserAccountViewModelTests.swift in Sources */ = {isa = PBXBuildFile; fileRef = 291C954D29D3B2E900F1CC8C /* UserAccountViewModelTests.swift */; };
		291C955029D3B2FD00F1CC8C /* AuthenticationViewModel.swift in Sources */ = {isa = PBXBuildFile; fileRef = 291C954F29D3B2FD00F1CC8C /* AuthenticationViewModel.swift */; };
		291F160129D2601F00A49ED8 /* BaseModel.swift in Sources */ = {isa = PBXBuildFile; fileRef = 291F160029D2601F00A49ED8 /* BaseModel.swift */; };
		291F160329D2612400A49ED8 /* Extension+User.swift in Sources */ = {isa = PBXBuildFile; fileRef = 291F160229D2612400A49ED8 /* Extension+User.swift */; };
		291F160829D2732F00A49ED8 /* NoteScreen.swift in Sources */ = {isa = PBXBuildFile; fileRef = 291F160729D2732F00A49ED8 /* NoteScreen.swift */; };
		298D91C429CFE27D00A1018A /* MyNotesApp.swift in Sources */ = {isa = PBXBuildFile; fileRef = 298D91C329CFE27D00A1018A /* MyNotesApp.swift */; };
		298D91C929CFE27D00A1018A /* MyNotes.xcdatamodeld in Sources */ = {isa = PBXBuildFile; fileRef = 298D91C729CFE27D00A1018A /* MyNotes.xcdatamodeld */; };
		298D91CD29CFE28000A1018A /* Assets.xcassets in Resources */ = {isa = PBXBuildFile; fileRef = 298D91CC29CFE28000A1018A /* Assets.xcassets */; };
		298D91D129CFE28000A1018A /* Preview Assets.xcassets in Resources */ = {isa = PBXBuildFile; fileRef = 298D91D029CFE28000A1018A /* Preview Assets.xcassets */; };
		298D91E529CFE28000A1018A /* MyNotesUITests.swift in Sources */ = {isa = PBXBuildFile; fileRef = 298D91E429CFE28000A1018A /* MyNotesUITests.swift */; };
		298D91E729CFE28000A1018A /* MyNotesUITestsLaunchTests.swift in Sources */ = {isa = PBXBuildFile; fileRef = 298D91E629CFE28000A1018A /* MyNotesUITestsLaunchTests.swift */; };
		298D91F829CFE2D800A1018A /* LoginScreen.swift in Sources */ = {isa = PBXBuildFile; fileRef = 298D91F729CFE2D800A1018A /* LoginScreen.swift */; };
		298D91FC29D011B100A1018A /* AuthenticationViewModel.swift in Sources */ = {isa = PBXBuildFile; fileRef = 298D91FB29D011B100A1018A /* AuthenticationViewModel.swift */; };
		298D91FE29D011E200A1018A /* CoreDataManager.swift in Sources */ = {isa = PBXBuildFile; fileRef = 298D91FD29D011E200A1018A /* CoreDataManager.swift */; };
		29B3F33529D14FDA00411B3D /* AddNoteScreen.swift in Sources */ = {isa = PBXBuildFile; fileRef = 29B3F33429D14FDA00411B3D /* AddNoteScreen.swift */; };
		29B3F33829D1542D00411B3D /* View+Extensions.swift in Sources */ = {isa = PBXBuildFile; fileRef = 29B3F33729D1542D00411B3D /* View+Extensions.swift */; };
		29B3F33C29D15B2A00411B3D /* UserAccountViewModel.swift in Sources */ = {isa = PBXBuildFile; fileRef = 29B3F33B29D15B2A00411B3D /* UserAccountViewModel.swift */; };
		29B3F34029D1768000411B3D /* AddNoteViewModel.swift in Sources */ = {isa = PBXBuildFile; fileRef = 29B3F33F29D1768000411B3D /* AddNoteViewModel.swift */; };
		29B3F34229D17F1D00411B3D /* NoteListViewModel.swift in Sources */ = {isa = PBXBuildFile; fileRef = 29B3F34129D17F1D00411B3D /* NoteListViewModel.swift */; };
		29B3F34429D1829C00411B3D /* NoteListScreen.swift in Sources */ = {isa = PBXBuildFile; fileRef = 29B3F34329D1829C00411B3D /* NoteListScreen.swift */; };
		29B3F34B29D1B63000411B3D /* Extension+Note.swift in Sources */ = {isa = PBXBuildFile; fileRef = 29B3F34A29D1B63000411B3D /* Extension+Note.swift */; };
/* End PBXBuildFile section */

/* Begin PBXContainerItemProxy section */
		298D91D729CFE28000A1018A /* PBXContainerItemProxy */ = {
			isa = PBXContainerItemProxy;
			containerPortal = 298D91B829CFE27D00A1018A /* Project object */;
			proxyType = 1;
			remoteGlobalIDString = 298D91BF29CFE27D00A1018A;
			remoteInfo = MyNotes;
		};
		298D91E129CFE28000A1018A /* PBXContainerItemProxy */ = {
			isa = PBXContainerItemProxy;
			containerPortal = 298D91B829CFE27D00A1018A /* Project object */;
			proxyType = 1;
			remoteGlobalIDString = 298D91BF29CFE27D00A1018A;
			remoteInfo = MyNotes;
		};
/* End PBXContainerItemProxy section */

/* Begin PBXFileReference section */
		29053EEE29D302D200E6CA3F /* Info.plist */ = {isa = PBXFileReference; lastKnownFileType = text.plist; path = Info.plist; sourceTree = "<group>"; };
		290B369C29D53ACC0004C799 /* TextFieldViewModifier.swift */ = {isa = PBXFileReference; lastKnownFileType = sourcecode.swift; path = TextFieldViewModifier.swift; sourceTree = "<group>"; };
		290B369E29D53B330004C799 /* SecureFieldViewModifier.swift */ = {isa = PBXFileReference; lastKnownFileType = sourcecode.swift; path = SecureFieldViewModifier.swift; sourceTree = "<group>"; };
		291C954729D3B23A00F1CC8C /* NoteListViewModelTests.swift */ = {isa = PBXFileReference; lastKnownFileType = sourcecode.swift; path = NoteListViewModelTests.swift; sourceTree = "<group>"; };
		291C954929D3B2B800F1CC8C /* AddNoteViewModelTests.swift */ = {isa = PBXFileReference; lastKnownFileType = sourcecode.swift; path = AddNoteViewModelTests.swift; sourceTree = "<group>"; };
		291C954D29D3B2E900F1CC8C /* UserAccountViewModelTests.swift */ = {isa = PBXFileReference; lastKnownFileType = sourcecode.swift; path = UserAccountViewModelTests.swift; sourceTree = "<group>"; };
		291C954F29D3B2FD00F1CC8C /* AuthenticationViewModel.swift */ = {isa = PBXFileReference; lastKnownFileType = sourcecode.swift; path = AuthenticationViewModel.swift; sourceTree = "<group>"; };
		291F160029D2601F00A49ED8 /* BaseModel.swift */ = {isa = PBXFileReference; lastKnownFileType = sourcecode.swift; path = BaseModel.swift; sourceTree = "<group>"; };
		291F160229D2612400A49ED8 /* Extension+User.swift */ = {isa = PBXFileReference; lastKnownFileType = sourcecode.swift; path = "Extension+User.swift"; sourceTree = "<group>"; };
		291F160729D2732F00A49ED8 /* NoteScreen.swift */ = {isa = PBXFileReference; lastKnownFileType = sourcecode.swift; path = NoteScreen.swift; sourceTree = "<group>"; };
		298D91C029CFE27D00A1018A /* MyNotes.app */ = {isa = PBXFileReference; explicitFileType = wrapper.application; includeInIndex = 0; path = MyNotes.app; sourceTree = BUILT_PRODUCTS_DIR; };
		298D91C329CFE27D00A1018A /* MyNotesApp.swift */ = {isa = PBXFileReference; lastKnownFileType = sourcecode.swift; path = MyNotesApp.swift; sourceTree = "<group>"; };
		298D91C829CFE27D00A1018A /* MyNotes.xcdatamodel */ = {isa = PBXFileReference; lastKnownFileType = wrapper.xcdatamodel; path = MyNotes.xcdatamodel; sourceTree = "<group>"; };
		298D91CC29CFE28000A1018A /* Assets.xcassets */ = {isa = PBXFileReference; lastKnownFileType = folder.assetcatalog; path = Assets.xcassets; sourceTree = "<group>"; };
		298D91CE29CFE28000A1018A /* MyNotes.entitlements */ = {isa = PBXFileReference; lastKnownFileType = text.plist.entitlements; path = MyNotes.entitlements; sourceTree = "<group>"; };
		298D91D029CFE28000A1018A /* Preview Assets.xcassets */ = {isa = PBXFileReference; lastKnownFileType = folder.assetcatalog; path = "Preview Assets.xcassets"; sourceTree = "<group>"; };
		298D91D629CFE28000A1018A /* MyNotesTests.xctest */ = {isa = PBXFileReference; explicitFileType = wrapper.cfbundle; includeInIndex = 0; path = MyNotesTests.xctest; sourceTree = BUILT_PRODUCTS_DIR; };
		298D91E029CFE28000A1018A /* MyNotesUITests.xctest */ = {isa = PBXFileReference; explicitFileType = wrapper.cfbundle; includeInIndex = 0; path = MyNotesUITests.xctest; sourceTree = BUILT_PRODUCTS_DIR; };
		298D91E429CFE28000A1018A /* MyNotesUITests.swift */ = {isa = PBXFileReference; lastKnownFileType = sourcecode.swift; path = MyNotesUITests.swift; sourceTree = "<group>"; };
		298D91E629CFE28000A1018A /* MyNotesUITestsLaunchTests.swift */ = {isa = PBXFileReference; lastKnownFileType = sourcecode.swift; path = MyNotesUITestsLaunchTests.swift; sourceTree = "<group>"; };
		298D91F729CFE2D800A1018A /* LoginScreen.swift */ = {isa = PBXFileReference; lastKnownFileType = sourcecode.swift; path = LoginScreen.swift; sourceTree = "<group>"; };
		298D91FB29D011B100A1018A /* AuthenticationViewModel.swift */ = {isa = PBXFileReference; lastKnownFileType = sourcecode.swift; path = AuthenticationViewModel.swift; sourceTree = "<group>"; };
		298D91FD29D011E200A1018A /* CoreDataManager.swift */ = {isa = PBXFileReference; lastKnownFileType = sourcecode.swift; path = CoreDataManager.swift; sourceTree = "<group>"; };
		29B3F33429D14FDA00411B3D /* AddNoteScreen.swift */ = {isa = PBXFileReference; lastKnownFileType = sourcecode.swift; path = AddNoteScreen.swift; sourceTree = "<group>"; };
		29B3F33729D1542D00411B3D /* View+Extensions.swift */ = {isa = PBXFileReference; lastKnownFileType = sourcecode.swift; path = "View+Extensions.swift"; sourceTree = "<group>"; };
		29B3F33B29D15B2A00411B3D /* UserAccountViewModel.swift */ = {isa = PBXFileReference; lastKnownFileType = sourcecode.swift; path = UserAccountViewModel.swift; sourceTree = "<group>"; };
		29B3F33F29D1768000411B3D /* AddNoteViewModel.swift */ = {isa = PBXFileReference; lastKnownFileType = sourcecode.swift; path = AddNoteViewModel.swift; sourceTree = "<group>"; };
		29B3F34129D17F1D00411B3D /* NoteListViewModel.swift */ = {isa = PBXFileReference; lastKnownFileType = sourcecode.swift; path = NoteListViewModel.swift; sourceTree = "<group>"; };
		29B3F34329D1829C00411B3D /* NoteListScreen.swift */ = {isa = PBXFileReference; lastKnownFileType = sourcecode.swift; path = NoteListScreen.swift; sourceTree = "<group>"; };
		29B3F34A29D1B63000411B3D /* Extension+Note.swift */ = {isa = PBXFileReference; lastKnownFileType = sourcecode.swift; path = "Extension+Note.swift"; sourceTree = "<group>"; };
/* End PBXFileReference section */

/* Begin PBXFrameworksBuildPhase section */
		298D91BD29CFE27D00A1018A /* Frameworks */ = {
			isa = PBXFrameworksBuildPhase;
			buildActionMask = 2147483647;
			files = (
			);
			runOnlyForDeploymentPostprocessing = 0;
		};
		298D91D329CFE28000A1018A /* Frameworks */ = {
			isa = PBXFrameworksBuildPhase;
			buildActionMask = 2147483647;
			files = (
			);
			runOnlyForDeploymentPostprocessing = 0;
		};
		298D91DD29CFE28000A1018A /* Frameworks */ = {
			isa = PBXFrameworksBuildPhase;
			buildActionMask = 2147483647;
			files = (
			);
			runOnlyForDeploymentPostprocessing = 0;
		};
/* End PBXFrameworksBuildPhase section */

/* Begin PBXGroup section */
		290B369B29D53AAB0004C799 /* ViewModifiers */ = {
			isa = PBXGroup;
			children = (
				290B369C29D53ACC0004C799 /* TextFieldViewModifier.swift */,
				290B369E29D53B330004C799 /* SecureFieldViewModifier.swift */,
			);
			path = ViewModifiers;
			sourceTree = "<group>";
		};
		291F160429D26EBD00A49ED8 /* Screens */ = {
			isa = PBXGroup;
			children = (
				290B369B29D53AAB0004C799 /* ViewModifiers */,
				298D91F729CFE2D800A1018A /* LoginScreen.swift */,
				29B3F33429D14FDA00411B3D /* AddNoteScreen.swift */,
				291F160729D2732F00A49ED8 /* NoteScreen.swift */,
				29B3F34329D1829C00411B3D /* NoteListScreen.swift */,
			);
			path = Screens;
			sourceTree = "<group>";
		};
		298D91B729CFE27D00A1018A = {
			isa = PBXGroup;
			children = (
				298D91C229CFE27D00A1018A /* MyNotes */,
				298D91D929CFE28000A1018A /* MyNotesTests */,
				298D91E329CFE28000A1018A /* MyNotesUITests */,
				298D91C129CFE27D00A1018A /* Products */,
			);
			sourceTree = "<group>";
		};
		298D91C129CFE27D00A1018A /* Products */ = {
			isa = PBXGroup;
			children = (
				298D91C029CFE27D00A1018A /* MyNotes.app */,
				298D91D629CFE28000A1018A /* MyNotesTests.xctest */,
				298D91E029CFE28000A1018A /* MyNotesUITests.xctest */,
			);
			name = Products;
			sourceTree = "<group>";
		};
		298D91C229CFE27D00A1018A /* MyNotes */ = {
			isa = PBXGroup;
			children = (
				29053EEE29D302D200E6CA3F /* Info.plist */,
				298D91F629CFE2BF00A1018A /* Models */,
				29B3F33629D1540F00411B3D /* Extensions */,
				298D91F429CFE2A700A1018A /* Managers */,
				298D91F529CFE2BA00A1018A /* ViewModels */,
				291F160429D26EBD00A49ED8 /* Screens */,
				298D91C329CFE27D00A1018A /* MyNotesApp.swift */,
				298D91CC29CFE28000A1018A /* Assets.xcassets */,
				298D91CE29CFE28000A1018A /* MyNotes.entitlements */,
				298D91C729CFE27D00A1018A /* MyNotes.xcdatamodeld */,
				298D91CF29CFE28000A1018A /* Preview Content */,
			);
			path = MyNotes;
			sourceTree = "<group>";
		};
		298D91CF29CFE28000A1018A /* Preview Content */ = {
			isa = PBXGroup;
			children = (
				298D91D029CFE28000A1018A /* Preview Assets.xcassets */,
			);
			path = "Preview Content";
			sourceTree = "<group>";
		};
		298D91D929CFE28000A1018A /* MyNotesTests */ = {
			isa = PBXGroup;
			children = (
				291C954729D3B23A00F1CC8C /* NoteListViewModelTests.swift */,
				291C954929D3B2B800F1CC8C /* AddNoteViewModelTests.swift */,
				291C954D29D3B2E900F1CC8C /* UserAccountViewModelTests.swift */,
				291C954F29D3B2FD00F1CC8C /* AuthenticationViewModel.swift */,
			);
			path = MyNotesTests;
			sourceTree = "<group>";
		};
		298D91E329CFE28000A1018A /* MyNotesUITests */ = {
			isa = PBXGroup;
			children = (
				298D91E429CFE28000A1018A /* MyNotesUITests.swift */,
				298D91E629CFE28000A1018A /* MyNotesUITestsLaunchTests.swift */,
			);
			path = MyNotesUITests;
			sourceTree = "<group>";
		};
		298D91F429CFE2A700A1018A /* Managers */ = {
			isa = PBXGroup;
			children = (
				298D91FD29D011E200A1018A /* CoreDataManager.swift */,
			);
			path = Managers;
			sourceTree = "<group>";
		};
		298D91F529CFE2BA00A1018A /* ViewModels */ = {
			isa = PBXGroup;
			children = (
				298D91FB29D011B100A1018A /* AuthenticationViewModel.swift */,
				29B3F33B29D15B2A00411B3D /* UserAccountViewModel.swift */,
				29B3F33F29D1768000411B3D /* AddNoteViewModel.swift */,
				29B3F34129D17F1D00411B3D /* NoteListViewModel.swift */,
			);
			path = ViewModels;
			sourceTree = "<group>";
		};
		298D91F629CFE2BF00A1018A /* Models */ = {
			isa = PBXGroup;
			children = (
				29B3F34A29D1B63000411B3D /* Extension+Note.swift */,
				291F160229D2612400A49ED8 /* Extension+User.swift */,
				291F160029D2601F00A49ED8 /* BaseModel.swift */,
			);
			path = Models;
			sourceTree = "<group>";
		};
		29B3F33629D1540F00411B3D /* Extensions */ = {
			isa = PBXGroup;
			children = (
				29B3F33729D1542D00411B3D /* View+Extensions.swift */,
			);
			path = Extensions;
			sourceTree = "<group>";
		};
/* End PBXGroup section */

/* Begin PBXNativeTarget section */
		298D91BF29CFE27D00A1018A /* MyNotes */ = {
			isa = PBXNativeTarget;
			buildConfigurationList = 298D91EA29CFE28000A1018A /* Build configuration list for PBXNativeTarget "MyNotes" */;
			buildPhases = (
				298D91BC29CFE27D00A1018A /* Sources */,
				298D91BD29CFE27D00A1018A /* Frameworks */,
				298D91BE29CFE27D00A1018A /* Resources */,
			);
			buildRules = (
			);
			dependencies = (
			);
			name = MyNotes;
			productName = MyNotes;
			productReference = 298D91C029CFE27D00A1018A /* MyNotes.app */;
			productType = "com.apple.product-type.application";
		};
		298D91D529CFE28000A1018A /* MyNotesTests */ = {
			isa = PBXNativeTarget;
			buildConfigurationList = 298D91ED29CFE28000A1018A /* Build configuration list for PBXNativeTarget "MyNotesTests" */;
			buildPhases = (
				298D91D229CFE28000A1018A /* Sources */,
				298D91D329CFE28000A1018A /* Frameworks */,
				298D91D429CFE28000A1018A /* Resources */,
			);
			buildRules = (
			);
			dependencies = (
				298D91D829CFE28000A1018A /* PBXTargetDependency */,
			);
			name = MyNotesTests;
			productName = MyNotesTests;
			productReference = 298D91D629CFE28000A1018A /* MyNotesTests.xctest */;
			productType = "com.apple.product-type.bundle.unit-test";
		};
		298D91DF29CFE28000A1018A /* MyNotesUITests */ = {
			isa = PBXNativeTarget;
			buildConfigurationList = 298D91F029CFE28000A1018A /* Build configuration list for PBXNativeTarget "MyNotesUITests" */;
			buildPhases = (
				298D91DC29CFE28000A1018A /* Sources */,
				298D91DD29CFE28000A1018A /* Frameworks */,
				298D91DE29CFE28000A1018A /* Resources */,
			);
			buildRules = (
			);
			dependencies = (
				298D91E229CFE28000A1018A /* PBXTargetDependency */,
			);
			name = MyNotesUITests;
			productName = MyNotesUITests;
			productReference = 298D91E029CFE28000A1018A /* MyNotesUITests.xctest */;
			productType = "com.apple.product-type.bundle.ui-testing";
		};
/* End PBXNativeTarget section */

/* Begin PBXProject section */
		298D91B829CFE27D00A1018A /* Project object */ = {
			isa = PBXProject;
			attributes = {
				BuildIndependentTargetsInParallel = 1;
				LastSwiftUpdateCheck = 1420;
				LastUpgradeCheck = 1420;
				TargetAttributes = {
					298D91BF29CFE27D00A1018A = {
						CreatedOnToolsVersion = 14.2;
					};
					298D91D529CFE28000A1018A = {
						CreatedOnToolsVersion = 14.2;
						TestTargetID = 298D91BF29CFE27D00A1018A;
					};
					298D91DF29CFE28000A1018A = {
						CreatedOnToolsVersion = 14.2;
						TestTargetID = 298D91BF29CFE27D00A1018A;
					};
				};
			};
			buildConfigurationList = 298D91BB29CFE27D00A1018A /* Build configuration list for PBXProject "MyNotes" */;
			compatibilityVersion = "Xcode 14.0";
			developmentRegion = en;
			hasScannedForEncodings = 0;
			knownRegions = (
				en,
				Base,
			);
			mainGroup = 298D91B729CFE27D00A1018A;
			productRefGroup = 298D91C129CFE27D00A1018A /* Products */;
			projectDirPath = "";
			projectRoot = "";
			targets = (
				298D91BF29CFE27D00A1018A /* MyNotes */,
				298D91D529CFE28000A1018A /* MyNotesTests */,
				298D91DF29CFE28000A1018A /* MyNotesUITests */,
			);
		};
/* End PBXProject section */

/* Begin PBXResourcesBuildPhase section */
		298D91BE29CFE27D00A1018A /* Resources */ = {
			isa = PBXResourcesBuildPhase;
			buildActionMask = 2147483647;
			files = (
				298D91D129CFE28000A1018A /* Preview Assets.xcassets in Resources */,
				298D91CD29CFE28000A1018A /* Assets.xcassets in Resources */,
			);
			runOnlyForDeploymentPostprocessing = 0;
		};
		298D91D429CFE28000A1018A /* Resources */ = {
			isa = PBXResourcesBuildPhase;
			buildActionMask = 2147483647;
			files = (
			);
			runOnlyForDeploymentPostprocessing = 0;
		};
		298D91DE29CFE28000A1018A /* Resources */ = {
			isa = PBXResourcesBuildPhase;
			buildActionMask = 2147483647;
			files = (
			);
			runOnlyForDeploymentPostprocessing = 0;
		};
/* End PBXResourcesBuildPhase section */

/* Begin PBXSourcesBuildPhase section */
		298D91BC29CFE27D00A1018A /* Sources */ = {
			isa = PBXSourcesBuildPhase;
			buildActionMask = 2147483647;
			files = (
				29B3F34029D1768000411B3D /* AddNoteViewModel.swift in Sources */,
				298D91C429CFE27D00A1018A /* MyNotesApp.swift in Sources */,
				291F160829D2732F00A49ED8 /* NoteScreen.swift in Sources */,
				298D91C929CFE27D00A1018A /* MyNotes.xcdatamodeld in Sources */,
				291F160129D2601F00A49ED8 /* BaseModel.swift in Sources */,
				29B3F33C29D15B2A00411B3D /* UserAccountViewModel.swift in Sources */,
				29B3F34429D1829C00411B3D /* NoteListScreen.swift in Sources */,
				298D91F829CFE2D800A1018A /* LoginScreen.swift in Sources */,
				29B3F33529D14FDA00411B3D /* AddNoteScreen.swift in Sources */,
				290B369D29D53ACC0004C799 /* TextFieldViewModifier.swift in Sources */,
				298D91FE29D011E200A1018A /* CoreDataManager.swift in Sources */,
				29B3F33829D1542D00411B3D /* View+Extensions.swift in Sources */,
				29B3F34B29D1B63000411B3D /* Extension+Note.swift in Sources */,
				290B369F29D53B330004C799 /* SecureFieldViewModifier.swift in Sources */,
				29B3F34229D17F1D00411B3D /* NoteListViewModel.swift in Sources */,
				291F160329D2612400A49ED8 /* Extension+User.swift in Sources */,
				298D91FC29D011B100A1018A /* AuthenticationViewModel.swift in Sources */,
			);
			runOnlyForDeploymentPostprocessing = 0;
		};
		298D91D229CFE28000A1018A /* Sources */ = {
			isa = PBXSourcesBuildPhase;
			buildActionMask = 2147483647;
			files = (
				291C954A29D3B2B800F1CC8C /* AddNoteViewModelTests.swift in Sources */,
				291C955029D3B2FD00F1CC8C /* AuthenticationViewModel.swift in Sources */,
				291C954E29D3B2E900F1CC8C /* UserAccountViewModelTests.swift in Sources */,
				291C954829D3B23A00F1CC8C /* NoteListViewModelTests.swift in Sources */,
			);
			runOnlyForDeploymentPostprocessing = 0;
		};
		298D91DC29CFE28000A1018A /* Sources */ = {
			isa = PBXSourcesBuildPhase;
			buildActionMask = 2147483647;
			files = (
				298D91E729CFE28000A1018A /* MyNotesUITestsLaunchTests.swift in Sources */,
				298D91E529CFE28000A1018A /* MyNotesUITests.swift in Sources */,
			);
			runOnlyForDeploymentPostprocessing = 0;
		};
/* End PBXSourcesBuildPhase section */

/* Begin PBXTargetDependency section */
		298D91D829CFE28000A1018A /* PBXTargetDependency */ = {
			isa = PBXTargetDependency;
			target = 298D91BF29CFE27D00A1018A /* MyNotes */;
			targetProxy = 298D91D729CFE28000A1018A /* PBXContainerItemProxy */;
		};
		298D91E229CFE28000A1018A /* PBXTargetDependency */ = {
			isa = PBXTargetDependency;
			target = 298D91BF29CFE27D00A1018A /* MyNotes */;
			targetProxy = 298D91E129CFE28000A1018A /* PBXContainerItemProxy */;
		};
/* End PBXTargetDependency section */

/* Begin XCBuildConfiguration section */
		298D91E829CFE28000A1018A /* Debug */ = {
			isa = XCBuildConfiguration;
			buildSettings = {
				ALWAYS_SEARCH_USER_PATHS = NO;
				CLANG_ANALYZER_NONNULL = YES;
				CLANG_ANALYZER_NUMBER_OBJECT_CONVERSION = YES_AGGRESSIVE;
				CLANG_CXX_LANGUAGE_STANDARD = "gnu++20";
				CLANG_ENABLE_MODULES = YES;
				CLANG_ENABLE_OBJC_ARC = YES;
				CLANG_ENABLE_OBJC_WEAK = YES;
				CLANG_WARN_BLOCK_CAPTURE_AUTORELEASING = YES;
				CLANG_WARN_BOOL_CONVERSION = YES;
				CLANG_WARN_COMMA = YES;
				CLANG_WARN_CONSTANT_CONVERSION = YES;
				CLANG_WARN_DEPRECATED_OBJC_IMPLEMENTATIONS = YES;
				CLANG_WARN_DIRECT_OBJC_ISA_USAGE = YES_ERROR;
				CLANG_WARN_DOCUMENTATION_COMMENTS = YES;
				CLANG_WARN_EMPTY_BODY = YES;
				CLANG_WARN_ENUM_CONVERSION = YES;
				CLANG_WARN_INFINITE_RECURSION = YES;
				CLANG_WARN_INT_CONVERSION = YES;
				CLANG_WARN_NON_LITERAL_NULL_CONVERSION = YES;
				CLANG_WARN_OBJC_IMPLICIT_RETAIN_SELF = YES;
				CLANG_WARN_OBJC_LITERAL_CONVERSION = YES;
				CLANG_WARN_OBJC_ROOT_CLASS = YES_ERROR;
				CLANG_WARN_QUOTED_INCLUDE_IN_FRAMEWORK_HEADER = YES;
				CLANG_WARN_RANGE_LOOP_ANALYSIS = YES;
				CLANG_WARN_STRICT_PROTOTYPES = YES;
				CLANG_WARN_SUSPICIOUS_MOVE = YES;
				CLANG_WARN_UNGUARDED_AVAILABILITY = YES_AGGRESSIVE;
				CLANG_WARN_UNREACHABLE_CODE = YES;
				CLANG_WARN__DUPLICATE_METHOD_MATCH = YES;
				COPY_PHASE_STRIP = NO;
				DEBUG_INFORMATION_FORMAT = dwarf;
				ENABLE_STRICT_OBJC_MSGSEND = YES;
				ENABLE_TESTABILITY = YES;
				GCC_C_LANGUAGE_STANDARD = gnu11;
				GCC_DYNAMIC_NO_PIC = NO;
				GCC_NO_COMMON_BLOCKS = YES;
				GCC_OPTIMIZATION_LEVEL = 0;
				GCC_PREPROCESSOR_DEFINITIONS = (
					"DEBUG=1",
					"$(inherited)",
				);
				GCC_WARN_64_TO_32_BIT_CONVERSION = YES;
				GCC_WARN_ABOUT_RETURN_TYPE = YES_ERROR;
				GCC_WARN_UNDECLARED_SELECTOR = YES;
				GCC_WARN_UNINITIALIZED_AUTOS = YES_AGGRESSIVE;
				GCC_WARN_UNUSED_FUNCTION = YES;
				GCC_WARN_UNUSED_VARIABLE = YES;
				MTL_ENABLE_DEBUG_INFO = INCLUDE_SOURCE;
				MTL_FAST_MATH = YES;
				ONLY_ACTIVE_ARCH = YES;
				SWIFT_ACTIVE_COMPILATION_CONDITIONS = DEBUG;
				SWIFT_OPTIMIZATION_LEVEL = "-Onone";
			};
			name = Debug;
		};
		298D91E929CFE28000A1018A /* Release */ = {
			isa = XCBuildConfiguration;
			buildSettings = {
				ALWAYS_SEARCH_USER_PATHS = NO;
				CLANG_ANALYZER_NONNULL = YES;
				CLANG_ANALYZER_NUMBER_OBJECT_CONVERSION = YES_AGGRESSIVE;
				CLANG_CXX_LANGUAGE_STANDARD = "gnu++20";
				CLANG_ENABLE_MODULES = YES;
				CLANG_ENABLE_OBJC_ARC = YES;
				CLANG_ENABLE_OBJC_WEAK = YES;
				CLANG_WARN_BLOCK_CAPTURE_AUTORELEASING = YES;
				CLANG_WARN_BOOL_CONVERSION = YES;
				CLANG_WARN_COMMA = YES;
				CLANG_WARN_CONSTANT_CONVERSION = YES;
				CLANG_WARN_DEPRECATED_OBJC_IMPLEMENTATIONS = YES;
				CLANG_WARN_DIRECT_OBJC_ISA_USAGE = YES_ERROR;
				CLANG_WARN_DOCUMENTATION_COMMENTS = YES;
				CLANG_WARN_EMPTY_BODY = YES;
				CLANG_WARN_ENUM_CONVERSION = YES;
				CLANG_WARN_INFINITE_RECURSION = YES;
				CLANG_WARN_INT_CONVERSION = YES;
				CLANG_WARN_NON_LITERAL_NULL_CONVERSION = YES;
				CLANG_WARN_OBJC_IMPLICIT_RETAIN_SELF = YES;
				CLANG_WARN_OBJC_LITERAL_CONVERSION = YES;
				CLANG_WARN_OBJC_ROOT_CLASS = YES_ERROR;
				CLANG_WARN_QUOTED_INCLUDE_IN_FRAMEWORK_HEADER = YES;
				CLANG_WARN_RANGE_LOOP_ANALYSIS = YES;
				CLANG_WARN_STRICT_PROTOTYPES = YES;
				CLANG_WARN_SUSPICIOUS_MOVE = YES;
				CLANG_WARN_UNGUARDED_AVAILABILITY = YES_AGGRESSIVE;
				CLANG_WARN_UNREACHABLE_CODE = YES;
				CLANG_WARN__DUPLICATE_METHOD_MATCH = YES;
				COPY_PHASE_STRIP = NO;
				DEBUG_INFORMATION_FORMAT = "dwarf-with-dsym";
				ENABLE_NS_ASSERTIONS = NO;
				ENABLE_STRICT_OBJC_MSGSEND = YES;
				GCC_C_LANGUAGE_STANDARD = gnu11;
				GCC_NO_COMMON_BLOCKS = YES;
				GCC_WARN_64_TO_32_BIT_CONVERSION = YES;
				GCC_WARN_ABOUT_RETURN_TYPE = YES_ERROR;
				GCC_WARN_UNDECLARED_SELECTOR = YES;
				GCC_WARN_UNINITIALIZED_AUTOS = YES_AGGRESSIVE;
				GCC_WARN_UNUSED_FUNCTION = YES;
				GCC_WARN_UNUSED_VARIABLE = YES;
				MTL_ENABLE_DEBUG_INFO = NO;
				MTL_FAST_MATH = YES;
				SWIFT_COMPILATION_MODE = wholemodule;
				SWIFT_OPTIMIZATION_LEVEL = "-O";
			};
			name = Release;
		};
		298D91EB29CFE28000A1018A /* Debug */ = {
			isa = XCBuildConfiguration;
			buildSettings = {
				ASSETCATALOG_COMPILER_APPICON_NAME = AppIcon;
				ASSETCATALOG_COMPILER_GLOBAL_ACCENT_COLOR_NAME = AccentColor;
				ASSETCATALOG_COMPILER_INCLUDE_ALL_APPICON_ASSETS = NO;
				CODE_SIGN_ENTITLEMENTS = MyNotes/MyNotes.entitlements;
				CODE_SIGN_IDENTITY = "Apple Development";
				CODE_SIGN_STYLE = Automatic;
				CURRENT_PROJECT_VERSION = 1;
				DEVELOPMENT_ASSET_PATHS = "\"MyNotes/Preview Content\"";
				DEVELOPMENT_TEAM = VNL3823F55;
				ENABLE_PREVIEWS = YES;
				GENERATE_INFOPLIST_FILE = YES;
				INFOPLIST_FILE = MyNotes/Info.plist;
				INFOPLIST_KEY_LSApplicationCategoryType = "public.app-category.productivity";
				"INFOPLIST_KEY_UIApplicationSceneManifest_Generation[sdk=iphoneos*]" = YES;
				"INFOPLIST_KEY_UIApplicationSceneManifest_Generation[sdk=iphonesimulator*]" = YES;
				"INFOPLIST_KEY_UIApplicationSupportsIndirectInputEvents[sdk=iphoneos*]" = YES;
				"INFOPLIST_KEY_UIApplicationSupportsIndirectInputEvents[sdk=iphonesimulator*]" = YES;
				"INFOPLIST_KEY_UILaunchScreen_Generation[sdk=iphoneos*]" = YES;
				"INFOPLIST_KEY_UILaunchScreen_Generation[sdk=iphonesimulator*]" = YES;
				"INFOPLIST_KEY_UIStatusBarStyle[sdk=iphoneos*]" = UIStatusBarStyleDefault;
				"INFOPLIST_KEY_UIStatusBarStyle[sdk=iphonesimulator*]" = UIStatusBarStyleDefault;
				INFOPLIST_KEY_UISupportedInterfaceOrientations = "UIInterfaceOrientationLandscapeLeft UIInterfaceOrientationLandscapeRight UIInterfaceOrientationPortrait";
				INFOPLIST_KEY_UISupportedInterfaceOrientations_iPad = "UIInterfaceOrientationLandscapeLeft UIInterfaceOrientationLandscapeRight UIInterfaceOrientationPortrait UIInterfaceOrientationPortraitUpsideDown";
				IPHONEOS_DEPLOYMENT_TARGET = 15.6;
				LD_RUNPATH_SEARCH_PATHS = "@executable_path/Frameworks";
				"LD_RUNPATH_SEARCH_PATHS[sdk=macosx*]" = "@executable_path/../Frameworks";
				MACOSX_DEPLOYMENT_TARGET = 13.1;
				MARKETING_VERSION = 1.0;
				PRODUCT_BUNDLE_IDENTIFIER = com.MauricioDias.MyNotes;
				PRODUCT_NAME = "$(TARGET_NAME)";
				PROVISIONING_PROFILE_SPECIFIER = "";
				SDKROOT = auto;
				SUPPORTED_PLATFORMS = "iphoneos iphonesimulator";
				SUPPORTS_MACCATALYST = NO;
				SUPPORTS_MAC_DESIGNED_FOR_IPHONE_IPAD = NO;
				SWIFT_EMIT_LOC_STRINGS = YES;
				SWIFT_VERSION = 5.0;
				TARGETED_DEVICE_FAMILY = "1,2";
			};
			name = Debug;
		};
		298D91EC29CFE28000A1018A /* Release */ = {
			isa = XCBuildConfiguration;
			buildSettings = {
				ASSETCATALOG_COMPILER_APPICON_NAME = AppIcon;
				ASSETCATALOG_COMPILER_GLOBAL_ACCENT_COLOR_NAME = AccentColor;
				ASSETCATALOG_COMPILER_INCLUDE_ALL_APPICON_ASSETS = NO;
				CODE_SIGN_ENTITLEMENTS = MyNotes/MyNotes.entitlements;
				CODE_SIGN_IDENTITY = "Apple Development";
				CODE_SIGN_STYLE = Automatic;
				CURRENT_PROJECT_VERSION = 1;
				DEVELOPMENT_ASSET_PATHS = "\"MyNotes/Preview Content\"";
				DEVELOPMENT_TEAM = VNL3823F55;
				ENABLE_PREVIEWS = YES;
				GENERATE_INFOPLIST_FILE = YES;
				INFOPLIST_FILE = MyNotes/Info.plist;
				INFOPLIST_KEY_LSApplicationCategoryType = "public.app-category.productivity";
				"INFOPLIST_KEY_UIApplicationSceneManifest_Generation[sdk=iphoneos*]" = YES;
				"INFOPLIST_KEY_UIApplicationSceneManifest_Generation[sdk=iphonesimulator*]" = YES;
				"INFOPLIST_KEY_UIApplicationSupportsIndirectInputEvents[sdk=iphoneos*]" = YES;
				"INFOPLIST_KEY_UIApplicationSupportsIndirectInputEvents[sdk=iphonesimulator*]" = YES;
				"INFOPLIST_KEY_UILaunchScreen_Generation[sdk=iphoneos*]" = YES;
				"INFOPLIST_KEY_UILaunchScreen_Generation[sdk=iphonesimulator*]" = YES;
				"INFOPLIST_KEY_UIStatusBarStyle[sdk=iphoneos*]" = UIStatusBarStyleDefault;
				"INFOPLIST_KEY_UIStatusBarStyle[sdk=iphonesimulator*]" = UIStatusBarStyleDefault;
				INFOPLIST_KEY_UISupportedInterfaceOrientations = "UIInterfaceOrientationLandscapeLeft UIInterfaceOrientationLandscapeRight UIInterfaceOrientationPortrait";
				INFOPLIST_KEY_UISupportedInterfaceOrientations_iPad = "UIInterfaceOrientationLandscapeLeft UIInterfaceOrientationLandscapeRight UIInterfaceOrientationPortrait UIInterfaceOrientationPortraitUpsideDown";
				IPHONEOS_DEPLOYMENT_TARGET = 15.6;
				LD_RUNPATH_SEARCH_PATHS = "@executable_path/Frameworks";
				"LD_RUNPATH_SEARCH_PATHS[sdk=macosx*]" = "@executable_path/../Frameworks";
				MACOSX_DEPLOYMENT_TARGET = 13.1;
				MARKETING_VERSION = 1.0;
				PRODUCT_BUNDLE_IDENTIFIER = com.MauricioDias.MyNotes;
				PRODUCT_NAME = "$(TARGET_NAME)";
				PROVISIONING_PROFILE_SPECIFIER = "";
				SDKROOT = auto;
				SUPPORTED_PLATFORMS = "iphoneos iphonesimulator";
				SUPPORTS_MACCATALYST = NO;
				SUPPORTS_MAC_DESIGNED_FOR_IPHONE_IPAD = NO;
				SWIFT_EMIT_LOC_STRINGS = YES;
				SWIFT_VERSION = 5.0;
				TARGETED_DEVICE_FAMILY = "1,2";
			};
			name = Release;
		};
		298D91EE29CFE28000A1018A /* Debug */ = {
			isa = XCBuildConfiguration;
			buildSettings = {
				ALWAYS_EMBED_SWIFT_STANDARD_LIBRARIES = YES;
				BUNDLE_LOADER = "$(TEST_HOST)";
				CODE_SIGN_STYLE = Automatic;
				CURRENT_PROJECT_VERSION = 1;
				DEVELOPMENT_TEAM = VNL3823F55;
				GENERATE_INFOPLIST_FILE = YES;
				IPHONEOS_DEPLOYMENT_TARGET = 15.6;
				MACOSX_DEPLOYMENT_TARGET = 13.1;
				MARKETING_VERSION = 1.0;
				PRODUCT_BUNDLE_IDENTIFIER = com.MauricioDias.SongIt.MyNotesTests;
				PRODUCT_NAME = "$(TARGET_NAME)";
				SDKROOT = auto;
				SUPPORTED_PLATFORMS = "iphoneos iphonesimulator";
				SUPPORTS_MACCATALYST = NO;
				SUPPORTS_MAC_DESIGNED_FOR_IPHONE_IPAD = NO;
				SWIFT_EMIT_LOC_STRINGS = NO;
				SWIFT_VERSION = 5.0;
				TARGETED_DEVICE_FAMILY = "1,2";
				TEST_HOST = "$(BUILT_PRODUCTS_DIR)/MyNotes.app/$(BUNDLE_EXECUTABLE_FOLDER_PATH)/MyNotes";
			};
			name = Debug;
		};
		298D91EF29CFE28000A1018A /* Release */ = {
			isa = XCBuildConfiguration;
			buildSettings = {
				ALWAYS_EMBED_SWIFT_STANDARD_LIBRARIES = YES;
				BUNDLE_LOADER = "$(TEST_HOST)";
				CODE_SIGN_STYLE = Automatic;
				CURRENT_PROJECT_VERSION = 1;
				DEVELOPMENT_TEAM = VNL3823F55;
				GENERATE_INFOPLIST_FILE = YES;
				IPHONEOS_DEPLOYMENT_TARGET = 15.6;
				MACOSX_DEPLOYMENT_TARGET = 13.1;
				MARKETING_VERSION = 1.0;
				PRODUCT_BUNDLE_IDENTIFIER = com.MauricioDias.SongIt.MyNotesTests;
				PRODUCT_NAME = "$(TARGET_NAME)";
				SDKROOT = auto;
				SUPPORTED_PLATFORMS = "iphoneos iphonesimulator";
				SUPPORTS_MACCATALYST = NO;
				SUPPORTS_MAC_DESIGNED_FOR_IPHONE_IPAD = NO;
				SWIFT_EMIT_LOC_STRINGS = NO;
				SWIFT_VERSION = 5.0;
				TARGETED_DEVICE_FAMILY = "1,2";
				TEST_HOST = "$(BUILT_PRODUCTS_DIR)/MyNotes.app/$(BUNDLE_EXECUTABLE_FOLDER_PATH)/MyNotes";
			};
			name = Release;
		};
		298D91F129CFE28000A1018A /* Debug */ = {
			isa = XCBuildConfiguration;
			buildSettings = {
				ALWAYS_EMBED_SWIFT_STANDARD_LIBRARIES = YES;
				CODE_SIGN_STYLE = Automatic;
				CURRENT_PROJECT_VERSION = 1;
				DEVELOPMENT_TEAM = VNL3823F55;
				GENERATE_INFOPLIST_FILE = YES;
				IPHONEOS_DEPLOYMENT_TARGET = 15.6;
				MACOSX_DEPLOYMENT_TARGET = 13.1;
				MARKETING_VERSION = 1.0;
				PRODUCT_BUNDLE_IDENTIFIER = com.MauricioDias.SongIt.MyNotesUITests;
				PRODUCT_NAME = "$(TARGET_NAME)";
				SDKROOT = auto;
				SUPPORTED_PLATFORMS = "iphoneos iphonesimulator";
				SUPPORTS_MACCATALYST = NO;
				SUPPORTS_MAC_DESIGNED_FOR_IPHONE_IPAD = NO;
				SWIFT_EMIT_LOC_STRINGS = NO;
				SWIFT_VERSION = 5.0;
				TARGETED_DEVICE_FAMILY = "1,2";
				TEST_TARGET_NAME = MyNotes;
			};
			name = Debug;
		};
		298D91F229CFE28000A1018A /* Release */ = {
			isa = XCBuildConfiguration;
			buildSettings = {
				ALWAYS_EMBED_SWIFT_STANDARD_LIBRARIES = YES;
				CODE_SIGN_STYLE = Automatic;
				CURRENT_PROJECT_VERSION = 1;
				DEVELOPMENT_TEAM = VNL3823F55;
				GENERATE_INFOPLIST_FILE = YES;
				IPHONEOS_DEPLOYMENT_TARGET = 15.6;
				MACOSX_DEPLOYMENT_TARGET = 13.1;
				MARKETING_VERSION = 1.0;
				PRODUCT_BUNDLE_IDENTIFIER = com.MauricioDias.SongIt.MyNotesUITests;
				PRODUCT_NAME = "$(TARGET_NAME)";
				SDKROOT = auto;
				SUPPORTED_PLATFORMS = "iphoneos iphonesimulator";
				SUPPORTS_MACCATALYST = NO;
				SUPPORTS_MAC_DESIGNED_FOR_IPHONE_IPAD = NO;
				SWIFT_EMIT_LOC_STRINGS = NO;
				SWIFT_VERSION = 5.0;
				TARGETED_DEVICE_FAMILY = "1,2";
				TEST_TARGET_NAME = MyNotes;
			};
			name = Release;
		};
/* End XCBuildConfiguration section */

/* Begin XCConfigurationList section */
		298D91BB29CFE27D00A1018A /* Build configuration list for PBXProject "MyNotes" */ = {
			isa = XCConfigurationList;
			buildConfigurations = (
				298D91E829CFE28000A1018A /* Debug */,
				298D91E929CFE28000A1018A /* Release */,
			);
			defaultConfigurationIsVisible = 0;
			defaultConfigurationName = Release;
		};
		298D91EA29CFE28000A1018A /* Build configuration list for PBXNativeTarget "MyNotes" */ = {
			isa = XCConfigurationList;
			buildConfigurations = (
				298D91EB29CFE28000A1018A /* Debug */,
				298D91EC29CFE28000A1018A /* Release */,
			);
			defaultConfigurationIsVisible = 0;
			defaultConfigurationName = Release;
		};
		298D91ED29CFE28000A1018A /* Build configuration list for PBXNativeTarget "MyNotesTests" */ = {
			isa = XCConfigurationList;
			buildConfigurations = (
				298D91EE29CFE28000A1018A /* Debug */,
				298D91EF29CFE28000A1018A /* Release */,
			);
			defaultConfigurationIsVisible = 0;
			defaultConfigurationName = Release;
		};
		298D91F029CFE28000A1018A /* Build configuration list for PBXNativeTarget "MyNotesUITests" */ = {
			isa = XCConfigurationList;
			buildConfigurations = (
				298D91F129CFE28000A1018A /* Debug */,
				298D91F229CFE28000A1018A /* Release */,
			);
			defaultConfigurationIsVisible = 0;
			defaultConfigurationName = Release;
		};
/* End XCConfigurationList section */

/* Begin XCVersionGroup section */
		298D91C729CFE27D00A1018A /* MyNotes.xcdatamodeld */ = {
			isa = XCVersionGroup;
			children = (
				298D91C829CFE27D00A1018A /* MyNotes.xcdatamodel */,
			);
			currentVersion = 298D91C829CFE27D00A1018A /* MyNotes.xcdatamodel */;
			path = MyNotes.xcdatamodeld;
			sourceTree = "<group>";
			versionGroupType = wrapper.xcdatamodel;
		};
/* End XCVersionGroup section */
	};
	rootObject = 298D91B829CFE27D00A1018A /* Project object */;
}
